github.com/JohnSovero/Distributed_Movies_Recommendation/src/backend/utils v0.0.0-20241113034148-3dca99be1474 h1:lRHoOE24TJa8f7EF9a2yn4hto3xqcNSj23Eqr8eM5dA=
github.com/JohnSovero/Distributed_Movies_Recommendation/src/backend/utils v0.0.0-20241113034148-3dca99be1474/go.mod h1:DwqzAssv3BVhcyaDLkvO36WqpepnsRevrB+f0Y1q6aM=
