github.com/JohnSovero/Distributed_Movies_Recommendation/src/backend v0.0.0-20241113025313-0141e978bc6e h1:t85EGMz4f4bbnUuMvntP4apAlhk4YItIVyLShTM4Jec=
github.com/JohnSovero/Distributed_Movies_Recommendation/src/backend v0.0.0-20241113025313-0141e978bc6e/go.mod h1:Vo/0jwihlhZ02D3FRTFegVN0z0rh9mykEWoDsw910fA=
